
Microsoft Visual Studio Solution File, Format Version 12.00
# Visual Studio Version 17
VisualStudioVersion = 17.7.34202.233
MinimumVisualStudioVersion = 10.0.40219.1
Project("{FAE04EC0-301F-11D3-BF4B-00C04F79EFBC}") = "AnimalsGameWPF1", "AnimalsGameWPF1\AnimalsGameWPF1.csproj", "{CDDDBB99-01DE-4441-9B23-5AD3058087F1}"
EndProject
Global
	GlobalSection(SolutionConfigurationPlatforms) = preSolution
		Debug|Any CPU = Debug|Any CPU
		Release|Any CPU = Release|Any CPU
	EndGlobalSection
	GlobalSection(ProjectConfigurationPlatforms) = postSolution
		{CDDDBB99-01DE-4441-9B23-5AD3058087F1}.Debug|Any CPU.ActiveCfg = Debug|Any CPU
		{CDDDBB99-01DE-4441-9B23-5AD3058087F1}.Debug|Any CPU.Build.0 = Debug|Any CPU
		{CDDDBB99-01DE-4441-9B23-5AD3058087F1}.Release|Any CPU.ActiveCfg = Release|Any CPU
		{CDDDBB99-01DE-4441-9B23-5AD3058087F1}.Release|Any CPU.Build.0 = Release|Any CPU
	EndGlobalSection
	GlobalSection(SolutionProperties) = preSolution
		HideSolutionNode = FALSE
	EndGlobalSection
	GlobalSection(ExtensibilityGlobals) = postSolution
		SolutionGuid = {9E6CB08D-D9CC-426C-87E5-AA520E4F9EE8}
	EndGlobalSection
EndGlobal
